
Microsoft Visual Studio Solution File, Format Version 12.00
# Visual Studio Version 17
VisualStudioVersion = 17.3.32922.545
MinimumVisualStudioVersion = 10.0.40219.1
Project("{FAE04EC0-301F-11D3-BF4B-00C04F79EFBC}") = "WindowsFormsApp1", "WindowsFormsApp1\WindowsFormsApp1.csproj", "{3DBFBDBA-F2BE-44CB-A100-5164E809A562}"
EndProject
Global
	GlobalSection(SolutionConfigurationPlatforms) = preSolution
		Debug|Any CPU = Debug|Any CPU
		Release|Any CPU = Release|Any CPU
	EndGlobalSection
	GlobalSection(ProjectConfigurationPlatforms) = postSolution
		{3DBFBDBA-F2BE-44CB-A100-5164E809A562}.Debug|Any CPU.ActiveCfg = Debug|Any CPU
		{3DBFBDBA-F2BE-44CB-A100-5164E809A562}.Debug|Any CPU.Build.0 = Debug|Any CPU
		{3DBFBDBA-F2BE-44CB-A100-5164E809A562}.Release|Any CPU.ActiveCfg = Release|Any CPU
		{3DBFBDBA-F2BE-44CB-A100-5164E809A562}.Release|Any CPU.Build.0 = Release|Any CPU
	EndGlobalSection
	GlobalSection(SolutionProperties) = preSolution
		HideSolutionNode = FALSE
	EndGlobalSection
	GlobalSection(ExtensibilityGlobals) = postSolution
		SolutionGuid = {18F19A24-3EF5-489E-9B1D-317A3C026F4A}
	EndGlobalSection
EndGlobal
